
Microsoft Visual Studio Solution File, Format Version 12.00
# Visual Studio 15
VisualStudioVersion = 15.0.27130.2027
MinimumVisualStudioVersion = 10.0.40219.1
Project("{FAE04EC0-301F-11D3-BF4B-00C04F79EFBC}") = "CorsnakeBoard", "CorsnakeBoard\CorsnakeBoard.csproj", "{A308DBAD-5EAE-4B52-A821-957BA7D894CA}"
EndProject
Global
	GlobalSection(SolutionConfigurationPlatforms) = preSolution
		Debug|Any CPU = Debug|Any CPU
		Release|Any CPU = Release|Any CPU
	EndGlobalSection
	GlobalSection(ProjectConfigurationPlatforms) = postSolution
		{A308DBAD-5EAE-4B52-A821-957BA7D894CA}.Debug|Any CPU.ActiveCfg = Debug|Any CPU
		{A308DBAD-5EAE-4B52-A821-957BA7D894CA}.Debug|Any CPU.Build.0 = Debug|Any CPU
		{A308DBAD-5EAE-4B52-A821-957BA7D894CA}.Release|Any CPU.ActiveCfg = Release|Any CPU
		{A308DBAD-5EAE-4B52-A821-957BA7D894CA}.Release|Any CPU.Build.0 = Release|Any CPU
	EndGlobalSection
	GlobalSection(SolutionProperties) = preSolution
		HideSolutionNode = FALSE
	EndGlobalSection
	GlobalSection(ExtensibilityGlobals) = postSolution
		SolutionGuid = {8FAB8110-FC8E-4CF8-9992-0812864FD967}
	EndGlobalSection
EndGlobal
